<?xml version="1.0" encoding="UTF-8" standalone="yes" ?>
<CodeBlocks_project_file>
	<FileVersion major="1" minor="6" />
	<Project>
		<Option title="FStructures" />
		<Option pch_mode="2" />
		<Option compiler="gcc" />
		<Build>
			<Target title="Debug">
				<Option output="bin/Debug/FStructures" prefix_auto="1" extension_auto="1" />
				<Option object_output="obj/Debug/" />
				<Option type="1" />
				<Option compiler="gcc" />
				<Compiler>
					<Add option="-g" />
				</Compiler>
			</Target>
			<Target title="Release">
				<Option output="bin/Release/FStructures" prefix_auto="1" extension_auto="1" />
				<Option object_output="obj/Release/" />
				<Option type="1" />
				<Option compiler="gcc" />
				<Compiler>
					<Add option="-O2" />
				</Compiler>
				<Linker>
					<Add option="-s" />
				</Linker>
			</Target>
		</Build>
		<Compiler>
			<Add option="-Wall" />
		</Compiler>
		<Unit filename="avl_tree.h">
			<Option target="&lt;{~None~}&gt;" />
		</Unit>
		<Unit filename="binary_tree.h">
			<Option target="&lt;{~None~}&gt;" />
		</Unit>
		<Unit filename="circular_linked_list.h">
			<Option target="&lt;{~None~}&gt;" />
		</Unit>
		<Unit filename="circular_queue.h">
			<Option target="&lt;{~None~}&gt;" />
		</Unit>
		<Unit filename="doubly_linked_list.h">
			<Option target="&lt;{~None~}&gt;" />
		</Unit>
		<Unit filename="graph.h">
			<Option target="&lt;{~None~}&gt;" />
		</Unit>
		<Unit filename="graph_algorithms.h">
			<Option target="&lt;{~None~}&gt;" />
		</Unit>
		<Unit filename="hash_chain.h">
			<Option target="&lt;{~None~}&gt;" />
		</Unit>
		<Unit filename="hash_open_address.h">
			<Option target="&lt;{~None~}&gt;" />
		</Unit>
		<Unit filename="heap.h">
			<Option target="&lt;{~None~}&gt;" />
		</Unit>
		<Unit filename="helper.h">
			<Option target="&lt;{~None~}&gt;" />
		</Unit>
		<Unit filename="linked_list.h">
			<Option target="&lt;{~None~}&gt;" />
		</Unit>
		<Unit filename="main.c">
			<Option compilerVar="CC" />
		</Unit>
		<Unit filename="matrix.h">
			<Option target="&lt;{~None~}&gt;" />
		</Unit>
		<Unit filename="priority_queue.h">
			<Option target="&lt;{~None~}&gt;" />
		</Unit>
		<Unit filename="queue.h">
			<Option target="&lt;{~None~}&gt;" />
		</Unit>
		<Unit filename="red_black_tree.h">
			<Option target="&lt;{~None~}&gt;" />
		</Unit>
		<Unit filename="stack.h">
			<Option target="&lt;{~None~}&gt;" />
		</Unit>
		<Unit filename="trie.h">
			<Option target="&lt;{~None~}&gt;" />
		</Unit>
		<Extensions>
			<code_completion />
			<envvars />
			<debugger />
		</Extensions>
	</Project>
</CodeBlocks_project_file>
